
Microsoft Visual Studio Solution File, Format Version 12.00
# Visual Studio 15
Project("{FAE04EC0-301F-11D3-BF4B-00C04F79EFBC}") = "HCI.ExcelMapper", "src\HCI.ExcelMapper\HCI.ExcelMapper.csproj", "{0C1A8306-3FF7-427F-A188-86C856F76472}"
EndProject
Global
	GlobalSection(SolutionConfigurationPlatforms) = preSolution
		Debug|Any CPU = Debug|Any CPU
		Release|Any CPU = Release|Any CPU
	EndGlobalSection
	GlobalSection(ProjectConfigurationPlatforms) = postSolution
		{0C1A8306-3FF7-427F-A188-86C856F76472}.Debug|Any CPU.ActiveCfg = Debug|Any CPU
		{0C1A8306-3FF7-427F-A188-86C856F76472}.Debug|Any CPU.Build.0 = Debug|Any CPU
		{0C1A8306-3FF7-427F-A188-86C856F76472}.Release|Any CPU.ActiveCfg = Release|Any CPU
		{0C1A8306-3FF7-427F-A188-86C856F76472}.Release|Any CPU.Build.0 = Release|Any CPU
	EndGlobalSection
EndGlobal
